// !$*UTF8*$!
{
	archiveVersion = 1;
	classes = {
	};
	objectVersion = 56;
	objects = {

/* Begin PBXBuildFile section */
		D25933CA2B4E422400ED1FA1 /* AudioPlayer.swift in Sources */ = {isa = PBXBuildFile; fileRef = D25933C92B4E422400ED1FA1 /* AudioPlayer.swift */; };
		D2C2BE452B4C90B000D6F6AB /* Restart_AppApp.swift in Sources */ = {isa = PBXBuildFile; fileRef = D2C2BE442B4C90B000D6F6AB /* Restart_AppApp.swift */; };
		D2C2BE472B4C90B000D6F6AB /* ContentView.swift in Sources */ = {isa = PBXBuildFile; fileRef = D2C2BE462B4C90B000D6F6AB /* ContentView.swift */; };
		D2C2BE492B4C90B200D6F6AB /* Assets.xcassets in Resources */ = {isa = PBXBuildFile; fileRef = D2C2BE482B4C90B200D6F6AB /* Assets.xcassets */; };
		D2C2BE4C2B4C90B200D6F6AB /* Preview Assets.xcassets in Resources */ = {isa = PBXBuildFile; fileRef = D2C2BE4B2B4C90B200D6F6AB /* Preview Assets.xcassets */; };
		D2C2BE542B4C92E600D6F6AB /* success.m4a in Resources */ = {isa = PBXBuildFile; fileRef = D2C2BE522B4C92E500D6F6AB /* success.m4a */; };
		D2C2BE552B4C92E600D6F6AB /* chimeup.mp3 in Resources */ = {isa = PBXBuildFile; fileRef = D2C2BE532B4C92E500D6F6AB /* chimeup.mp3 */; };
		D2C2BE5C2B4C9D6500D6F6AB /* OnboardingView.swift in Sources */ = {isa = PBXBuildFile; fileRef = D2C2BE5B2B4C9D6500D6F6AB /* OnboardingView.swift */; };
		D2C2BE5E2B4C9D8000D6F6AB /* HomeView.swift in Sources */ = {isa = PBXBuildFile; fileRef = D2C2BE5D2B4C9D8000D6F6AB /* HomeView.swift */; };
		D2C2BE602B4CE72F00D6F6AB /* CircleGroupView.swift in Sources */ = {isa = PBXBuildFile; fileRef = D2C2BE5F2B4CE72F00D6F6AB /* CircleGroupView.swift */; };
/* End PBXBuildFile section */

/* Begin PBXFileReference section */
		D25933C92B4E422400ED1FA1 /* AudioPlayer.swift */ = {isa = PBXFileReference; lastKnownFileType = sourcecode.swift; path = AudioPlayer.swift; sourceTree = "<group>"; };
		D2C2BE412B4C90B000D6F6AB /* Restart-App.app */ = {isa = PBXFileReference; explicitFileType = wrapper.application; includeInIndex = 0; path = "Restart-App.app"; sourceTree = BUILT_PRODUCTS_DIR; };
		D2C2BE442B4C90B000D6F6AB /* Restart_AppApp.swift */ = {isa = PBXFileReference; lastKnownFileType = sourcecode.swift; path = Restart_AppApp.swift; sourceTree = "<group>"; };
		D2C2BE462B4C90B000D6F6AB /* ContentView.swift */ = {isa = PBXFileReference; lastKnownFileType = sourcecode.swift; path = ContentView.swift; sourceTree = "<group>"; };
		D2C2BE482B4C90B200D6F6AB /* Assets.xcassets */ = {isa = PBXFileReference; lastKnownFileType = folder.assetcatalog; path = Assets.xcassets; sourceTree = "<group>"; };
		D2C2BE4B2B4C90B200D6F6AB /* Preview Assets.xcassets */ = {isa = PBXFileReference; lastKnownFileType = folder.assetcatalog; path = "Preview Assets.xcassets"; sourceTree = "<group>"; };
		D2C2BE522B4C92E500D6F6AB /* success.m4a */ = {isa = PBXFileReference; lastKnownFileType = file; path = success.m4a; sourceTree = "<group>"; };
		D2C2BE532B4C92E500D6F6AB /* chimeup.mp3 */ = {isa = PBXFileReference; lastKnownFileType = audio.mp3; path = chimeup.mp3; sourceTree = "<group>"; };
		D2C2BE5A2B4C97FE00D6F6AB /* Info.plist */ = {isa = PBXFileReference; lastKnownFileType = text.plist; path = Info.plist; sourceTree = "<group>"; };
		D2C2BE5B2B4C9D6500D6F6AB /* OnboardingView.swift */ = {isa = PBXFileReference; lastKnownFileType = sourcecode.swift; path = OnboardingView.swift; sourceTree = "<group>"; };
		D2C2BE5D2B4C9D8000D6F6AB /* HomeView.swift */ = {isa = PBXFileReference; lastKnownFileType = sourcecode.swift; path = HomeView.swift; sourceTree = "<group>"; };
		D2C2BE5F2B4CE72F00D6F6AB /* CircleGroupView.swift */ = {isa = PBXFileReference; lastKnownFileType = sourcecode.swift; path = CircleGroupView.swift; sourceTree = "<group>"; };
/* End PBXFileReference section */

/* Begin PBXFrameworksBuildPhase section */
		D2C2BE3E2B4C90B000D6F6AB /* Frameworks */ = {
			isa = PBXFrameworksBuildPhase;
			buildActionMask = 2147483647;
			files = (
			);
			runOnlyForDeploymentPostprocessing = 0;
		};
/* End PBXFrameworksBuildPhase section */

/* Begin PBXGroup section */
		D2C2BE382B4C90B000D6F6AB = {
			isa = PBXGroup;
			children = (
				D2C2BE432B4C90B000D6F6AB /* Restart-App */,
				D2C2BE422B4C90B000D6F6AB /* Products */,
			);
			sourceTree = "<group>";
		};
		D2C2BE422B4C90B000D6F6AB /* Products */ = {
			isa = PBXGroup;
			children = (
				D2C2BE412B4C90B000D6F6AB /* Restart-App.app */,
			);
			name = Products;
			sourceTree = "<group>";
		};
		D2C2BE432B4C90B000D6F6AB /* Restart-App */ = {
			isa = PBXGroup;
			children = (
				D2C2BE5A2B4C97FE00D6F6AB /* Info.plist */,
				D2C2BE592B4C94DB00D6F6AB /* Utilities */,
				D2C2BE582B4C944F00D6F6AB /* Views */,
				D2C2BE562B4C92FA00D6F6AB /* Sounds */,
				D2C2BE442B4C90B000D6F6AB /* Restart_AppApp.swift */,
				D2C2BE572B4C944000D6F6AB /* Screens */,
				D2C2BE482B4C90B200D6F6AB /* Assets.xcassets */,
				D2C2BE4A2B4C90B200D6F6AB /* Preview Content */,
			);
			path = "Restart-App";
			sourceTree = "<group>";
		};
		D2C2BE4A2B4C90B200D6F6AB /* Preview Content */ = {
			isa = PBXGroup;
			children = (
				D2C2BE4B2B4C90B200D6F6AB /* Preview Assets.xcassets */,
			);
			path = "Preview Content";
			sourceTree = "<group>";
		};
		D2C2BE562B4C92FA00D6F6AB /* Sounds */ = {
			isa = PBXGroup;
			children = (
				D2C2BE532B4C92E500D6F6AB /* chimeup.mp3 */,
				D2C2BE522B4C92E500D6F6AB /* success.m4a */,
			);
			path = Sounds;
			sourceTree = "<group>";
		};
		D2C2BE572B4C944000D6F6AB /* Screens */ = {
			isa = PBXGroup;
			children = (
				D2C2BE462B4C90B000D6F6AB /* ContentView.swift */,
				D2C2BE5B2B4C9D6500D6F6AB /* OnboardingView.swift */,
				D2C2BE5D2B4C9D8000D6F6AB /* HomeView.swift */,
			);
			path = Screens;
			sourceTree = "<group>";
		};
		D2C2BE582B4C944F00D6F6AB /* Views */ = {
			isa = PBXGroup;
			children = (
				D2C2BE5F2B4CE72F00D6F6AB /* CircleGroupView.swift */,
			);
			path = Views;
			sourceTree = "<group>";
		};
		D2C2BE592B4C94DB00D6F6AB /* Utilities */ = {
			isa = PBXGroup;
			children = (
				D25933C92B4E422400ED1FA1 /* AudioPlayer.swift */,
			);
			path = Utilities;
			sourceTree = "<group>";
		};
/* End PBXGroup section */

/* Begin PBXNativeTarget section */
		D2C2BE402B4C90B000D6F6AB /* Restart-App */ = {
			isa = PBXNativeTarget;
			buildConfigurationList = D2C2BE4F2B4C90B200D6F6AB /* Build configuration list for PBXNativeTarget "Restart-App" */;
			buildPhases = (
				D2C2BE3D2B4C90B000D6F6AB /* Sources */,
				D2C2BE3E2B4C90B000D6F6AB /* Frameworks */,
				D2C2BE3F2B4C90B000D6F6AB /* Resources */,
			);
			buildRules = (
			);
			dependencies = (
			);
			name = "Restart-App";
			productName = "Restart-App";
			productReference = D2C2BE412B4C90B000D6F6AB /* Restart-App.app */;
			productType = "com.apple.product-type.application";
		};
/* End PBXNativeTarget section */

/* Begin PBXProject section */
		D2C2BE392B4C90B000D6F6AB /* Project object */ = {
			isa = PBXProject;
			attributes = {
				BuildIndependentTargetsInParallel = 1;
				LastSwiftUpdateCheck = 1510;
				LastUpgradeCheck = 1510;
				TargetAttributes = {
					D2C2BE402B4C90B000D6F6AB = {
						CreatedOnToolsVersion = 15.1;
					};
				};
			};
			buildConfigurationList = D2C2BE3C2B4C90B000D6F6AB /* Build configuration list for PBXProject "Restart-App" */;
			compatibilityVersion = "Xcode 14.0";
			developmentRegion = en;
			hasScannedForEncodings = 0;
			knownRegions = (
				en,
				Base,
			);
			mainGroup = D2C2BE382B4C90B000D6F6AB;
			productRefGroup = D2C2BE422B4C90B000D6F6AB /* Products */;
			projectDirPath = "";
			projectRoot = "";
			targets = (
				D2C2BE402B4C90B000D6F6AB /* Restart-App */,
			);
		};
/* End PBXProject section */

/* Begin PBXResourcesBuildPhase section */
		D2C2BE3F2B4C90B000D6F6AB /* Resources */ = {
			isa = PBXResourcesBuildPhase;
			buildActionMask = 2147483647;
			files = (
				D2C2BE552B4C92E600D6F6AB /* chimeup.mp3 in Resources */,
				D2C2BE4C2B4C90B200D6F6AB /* Preview Assets.xcassets in Resources */,
				D2C2BE542B4C92E600D6F6AB /* success.m4a in Resources */,
				D2C2BE492B4C90B200D6F6AB /* Assets.xcassets in Resources */,
			);
			runOnlyForDeploymentPostprocessing = 0;
		};
/* End PBXResourcesBuildPhase section */

/* Begin PBXSourcesBuildPhase section */
		D2C2BE3D2B4C90B000D6F6AB /* Sources */ = {
			isa = PBXSourcesBuildPhase;
			buildActionMask = 2147483647;
			files = (
				D2C2BE602B4CE72F00D6F6AB /* CircleGroupView.swift in Sources */,
				D2C2BE5C2B4C9D6500D6F6AB /* OnboardingView.swift in Sources */,
				D2C2BE5E2B4C9D8000D6F6AB /* HomeView.swift in Sources */,
				D2C2BE472B4C90B000D6F6AB /* ContentView.swift in Sources */,
				D2C2BE452B4C90B000D6F6AB /* Restart_AppApp.swift in Sources */,
				D25933CA2B4E422400ED1FA1 /* AudioPlayer.swift in Sources */,
			);
			runOnlyForDeploymentPostprocessing = 0;
		};
/* End PBXSourcesBuildPhase section */

/* Begin XCBuildConfiguration section */
		D2C2BE4D2B4C90B200D6F6AB /* Debug */ = {
			isa = XCBuildConfiguration;
			buildSettings = {
				ALWAYS_SEARCH_USER_PATHS = NO;
				ASSETCATALOG_COMPILER_GENERATE_SWIFT_ASSET_SYMBOL_EXTENSIONS = YES;
				CLANG_ANALYZER_NONNULL = YES;
				CLANG_ANALYZER_NUMBER_OBJECT_CONVERSION = YES_AGGRESSIVE;
				CLANG_CXX_LANGUAGE_STANDARD = "gnu++20";
				CLANG_ENABLE_MODULES = YES;
				CLANG_ENABLE_OBJC_ARC = YES;
				CLANG_ENABLE_OBJC_WEAK = YES;
				CLANG_WARN_BLOCK_CAPTURE_AUTORELEASING = YES;
				CLANG_WARN_BOOL_CONVERSION = YES;
				CLANG_WARN_COMMA = YES;
				CLANG_WARN_CONSTANT_CONVERSION = YES;
				CLANG_WARN_DEPRECATED_OBJC_IMPLEMENTATIONS = YES;
				CLANG_WARN_DIRECT_OBJC_ISA_USAGE = YES_ERROR;
				CLANG_WARN_DOCUMENTATION_COMMENTS = YES;
				CLANG_WARN_EMPTY_BODY = YES;
				CLANG_WARN_ENUM_CONVERSION = YES;
				CLANG_WARN_INFINITE_RECURSION = YES;
				CLANG_WARN_INT_CONVERSION = YES;
				CLANG_WARN_NON_LITERAL_NULL_CONVERSION = YES;
				CLANG_WARN_OBJC_IMPLICIT_RETAIN_SELF = YES;
				CLANG_WARN_OBJC_LITERAL_CONVERSION = YES;
				CLANG_WARN_OBJC_ROOT_CLASS = YES_ERROR;
				CLANG_WARN_QUOTED_INCLUDE_IN_FRAMEWORK_HEADER = YES;
				CLANG_WARN_RANGE_LOOP_ANALYSIS = YES;
				CLANG_WARN_STRICT_PROTOTYPES = YES;
				CLANG_WARN_SUSPICIOUS_MOVE = YES;
				CLANG_WARN_UNGUARDED_AVAILABILITY = YES_AGGRESSIVE;
				CLANG_WARN_UNREACHABLE_CODE = YES;
				CLANG_WARN__DUPLICATE_METHOD_MATCH = YES;
				COPY_PHASE_STRIP = NO;
				DEBUG_INFORMATION_FORMAT = dwarf;
				ENABLE_STRICT_OBJC_MSGSEND = YES;
				ENABLE_TESTABILITY = YES;
				ENABLE_USER_SCRIPT_SANDBOXING = YES;
				GCC_C_LANGUAGE_STANDARD = gnu17;
				GCC_DYNAMIC_NO_PIC = NO;
				GCC_NO_COMMON_BLOCKS = YES;
				GCC_OPTIMIZATION_LEVEL = 0;
				GCC_PREPROCESSOR_DEFINITIONS = (
					"DEBUG=1",
					"$(inherited)",
				);
				GCC_WARN_64_TO_32_BIT_CONVERSION = YES;
				GCC_WARN_ABOUT_RETURN_TYPE = YES_ERROR;
				GCC_WARN_UNDECLARED_SELECTOR = YES;
				GCC_WARN_UNINITIALIZED_AUTOS = YES_AGGRESSIVE;
				GCC_WARN_UNUSED_FUNCTION = YES;
				GCC_WARN_UNUSED_VARIABLE = YES;
				IPHONEOS_DEPLOYMENT_TARGET = 17.2;
				LOCALIZATION_PREFERS_STRING_CATALOGS = YES;
				MTL_ENABLE_DEBUG_INFO = INCLUDE_SOURCE;
				MTL_FAST_MATH = YES;
				ONLY_ACTIVE_ARCH = YES;
				SDKROOT = iphoneos;
				SWIFT_ACTIVE_COMPILATION_CONDITIONS = "DEBUG $(inherited)";
				SWIFT_OPTIMIZATION_LEVEL = "-Onone";
			};
			name = Debug;
		};
		D2C2BE4E2B4C90B200D6F6AB /* Release */ = {
			isa = XCBuildConfiguration;
			buildSettings = {
				ALWAYS_SEARCH_USER_PATHS = NO;
				ASSETCATALOG_COMPILER_GENERATE_SWIFT_ASSET_SYMBOL_EXTENSIONS = YES;
				CLANG_ANALYZER_NONNULL = YES;
				CLANG_ANALYZER_NUMBER_OBJECT_CONVERSION = YES_AGGRESSIVE;
				CLANG_CXX_LANGUAGE_STANDARD = "gnu++20";
				CLANG_ENABLE_MODULES = YES;
				CLANG_ENABLE_OBJC_ARC = YES;
				CLANG_ENABLE_OBJC_WEAK = YES;
				CLANG_WARN_BLOCK_CAPTURE_AUTORELEASING = YES;
				CLANG_WARN_BOOL_CONVERSION = YES;
				CLANG_WARN_COMMA = YES;
				CLANG_WARN_CONSTANT_CONVERSION = YES;
				CLANG_WARN_DEPRECATED_OBJC_IMPLEMENTATIONS = YES;
				CLANG_WARN_DIRECT_OBJC_ISA_USAGE = YES_ERROR;
				CLANG_WARN_DOCUMENTATION_COMMENTS = YES;
				CLANG_WARN_EMPTY_BODY = YES;
				CLANG_WARN_ENUM_CONVERSION = YES;
				CLANG_WARN_INFINITE_RECURSION = YES;
				CLANG_WARN_INT_CONVERSION = YES;
				CLANG_WARN_NON_LITERAL_NULL_CONVERSION = YES;
				CLANG_WARN_OBJC_IMPLICIT_RETAIN_SELF = YES;
				CLANG_WARN_OBJC_LITERAL_CONVERSION = YES;
				CLANG_WARN_OBJC_ROOT_CLASS = YES_ERROR;
				CLANG_WARN_QUOTED_INCLUDE_IN_FRAMEWORK_HEADER = YES;
				CLANG_WARN_RANGE_LOOP_ANALYSIS = YES;
				CLANG_WARN_STRICT_PROTOTYPES = YES;
				CLANG_WARN_SUSPICIOUS_MOVE = YES;
				CLANG_WARN_UNGUARDED_AVAILABILITY = YES_AGGRESSIVE;
				CLANG_WARN_UNREACHABLE_CODE = YES;
				CLANG_WARN__DUPLICATE_METHOD_MATCH = YES;
				COPY_PHASE_STRIP = NO;
				DEBUG_INFORMATION_FORMAT = "dwarf-with-dsym";
				ENABLE_NS_ASSERTIONS = NO;
				ENABLE_STRICT_OBJC_MSGSEND = YES;
				ENABLE_USER_SCRIPT_SANDBOXING = YES;
				GCC_C_LANGUAGE_STANDARD = gnu17;
				GCC_NO_COMMON_BLOCKS = YES;
				GCC_WARN_64_TO_32_BIT_CONVERSION = YES;
				GCC_WARN_ABOUT_RETURN_TYPE = YES_ERROR;
				GCC_WARN_UNDECLARED_SELECTOR = YES;
				GCC_WARN_UNINITIALIZED_AUTOS = YES_AGGRESSIVE;
				GCC_WARN_UNUSED_FUNCTION = YES;
				GCC_WARN_UNUSED_VARIABLE = YES;
				IPHONEOS_DEPLOYMENT_TARGET = 17.2;
				LOCALIZATION_PREFERS_STRING_CATALOGS = YES;
				MTL_ENABLE_DEBUG_INFO = NO;
				MTL_FAST_MATH = YES;
				SDKROOT = iphoneos;
				SWIFT_COMPILATION_MODE = wholemodule;
				VALIDATE_PRODUCT = YES;
			};
			name = Release;
		};
		D2C2BE502B4C90B200D6F6AB /* Debug */ = {
			isa = XCBuildConfiguration;
			buildSettings = {
				ASSETCATALOG_COMPILER_APPICON_NAME = AppIcon;
				ASSETCATALOG_COMPILER_GLOBAL_ACCENT_COLOR_NAME = AccentColor;
				CODE_SIGN_STYLE = Automatic;
				CURRENT_PROJECT_VERSION = 1;
				DEVELOPMENT_ASSET_PATHS = "\"Restart-App/Preview Content\"";
				DEVELOPMENT_TEAM = K6M8KNJT3U;
				ENABLE_PREVIEWS = YES;
				GENERATE_INFOPLIST_FILE = YES;
				INFOPLIST_FILE = "Restart-App/Info.plist";
				INFOPLIST_KEY_UIApplicationSceneManifest_Generation = YES;
				INFOPLIST_KEY_UIApplicationSupportsIndirectInputEvents = YES;
				INFOPLIST_KEY_UISupportedInterfaceOrientations = UIInterfaceOrientationPortrait;
				IPHONEOS_DEPLOYMENT_TARGET = 15.0;
				LD_RUNPATH_SEARCH_PATHS = (
					"$(inherited)",
					"@executable_path/Frameworks",
				);
				MARKETING_VERSION = 1.0;
				PRODUCT_BUNDLE_IDENTIFIER = "com.SevenSoftware.Restart-App";
				PRODUCT_NAME = "$(TARGET_NAME)";
				SWIFT_EMIT_LOC_STRINGS = YES;
				SWIFT_VERSION = 5.0;
				TARGETED_DEVICE_FAMILY = "1,2";
			};
			name = Debug;
		};
		D2C2BE512B4C90B200D6F6AB /* Release */ = {
			isa = XCBuildConfiguration;
			buildSettings = {
				ASSETCATALOG_COMPILER_APPICON_NAME = AppIcon;
				ASSETCATALOG_COMPILER_GLOBAL_ACCENT_COLOR_NAME = AccentColor;
				CODE_SIGN_STYLE = Automatic;
				CURRENT_PROJECT_VERSION = 1;
				DEVELOPMENT_ASSET_PATHS = "\"Restart-App/Preview Content\"";
				DEVELOPMENT_TEAM = K6M8KNJT3U;
				ENABLE_PREVIEWS = YES;
				GENERATE_INFOPLIST_FILE = YES;
				INFOPLIST_FILE = "Restart-App/Info.plist";
				INFOPLIST_KEY_UIApplicationSceneManifest_Generation = YES;
				INFOPLIST_KEY_UIApplicationSupportsIndirectInputEvents = YES;
				INFOPLIST_KEY_UISupportedInterfaceOrientations = UIInterfaceOrientationPortrait;
				IPHONEOS_DEPLOYMENT_TARGET = 15.0;
				LD_RUNPATH_SEARCH_PATHS = (
					"$(inherited)",
					"@executable_path/Frameworks",
				);
				MARKETING_VERSION = 1.0;
				PRODUCT_BUNDLE_IDENTIFIER = "com.SevenSoftware.Restart-App";
				PRODUCT_NAME = "$(TARGET_NAME)";
				SWIFT_EMIT_LOC_STRINGS = YES;
				SWIFT_VERSION = 5.0;
				TARGETED_DEVICE_FAMILY = "1,2";
			};
			name = Release;
		};
/* End XCBuildConfiguration section */

/* Begin XCConfigurationList section */
		D2C2BE3C2B4C90B000D6F6AB /* Build configuration list for PBXProject "Restart-App" */ = {
			isa = XCConfigurationList;
			buildConfigurations = (
				D2C2BE4D2B4C90B200D6F6AB /* Debug */,
				D2C2BE4E2B4C90B200D6F6AB /* Release */,
			);
			defaultConfigurationIsVisible = 0;
			defaultConfigurationName = Release;
		};
		D2C2BE4F2B4C90B200D6F6AB /* Build configuration list for PBXNativeTarget "Restart-App" */ = {
			isa = XCConfigurationList;
			buildConfigurations = (
				D2C2BE502B4C90B200D6F6AB /* Debug */,
				D2C2BE512B4C90B200D6F6AB /* Release */,
			);
			defaultConfigurationIsVisible = 0;
			defaultConfigurationName = Release;
		};
/* End XCConfigurationList section */
	};
	rootObject = D2C2BE392B4C90B000D6F6AB /* Project object */;
}
